
Microsoft Visual Studio Solution File, Format Version 12.00
# Visual Studio 2017
Project("{FAE04EC0-301F-11D3-BF4B-00C04F79EFBC}") = "Unity.SpaceShooterMobile", "Unity.SpaceShooterMobile.csproj", "{4816D6EF-7A53-D408-A3B7-C97E9C81EF09}"
EndProject
Global
	GlobalSection(SolutionConfigurationPlatforms) = preSolution
		Debug|Any CPU = Debug|Any CPU
		Release|Any CPU = Release|Any CPU
	EndGlobalSection
	GlobalSection(ProjectConfigurationPlatforms) = postSolution
		{4816D6EF-7A53-D408-A3B7-C97E9C81EF09}.Debug|Any CPU.ActiveCfg = Debug|Any CPU
		{4816D6EF-7A53-D408-A3B7-C97E9C81EF09}.Debug|Any CPU.Build.0 = Debug|Any CPU
		{4816D6EF-7A53-D408-A3B7-C97E9C81EF09}.Release|Any CPU.ActiveCfg = Release|Any CPU
		{4816D6EF-7A53-D408-A3B7-C97E9C81EF09}.Release|Any CPU.Build.0 = Release|Any CPU
	EndGlobalSection
	GlobalSection(SolutionProperties) = preSolution
		HideSolutionNode = FALSE
	EndGlobalSection
EndGlobal
